
Microsoft Visual Studio Solution File, Format Version 12.00
# Visual Studio 15
VisualStudioVersion = 15.0.27703.2026
MinimumVisualStudioVersion = 10.0.40219.1
Project("{FAE04EC0-301F-11D3-BF4B-00C04F79EFBC}") = "SeleniumAdvancedUsage", "SeleniumAdvancedUsage\SeleniumAdvancedUsage.csproj", "{D7A8B39D-5ECF-48FB-9EC3-6020C5113407}"
EndProject
Global
	GlobalSection(SolutionConfigurationPlatforms) = preSolution
		Debug|Any CPU = Debug|Any CPU
		Release|Any CPU = Release|Any CPU
	EndGlobalSection
	GlobalSection(ProjectConfigurationPlatforms) = postSolution
		{D7A8B39D-5ECF-48FB-9EC3-6020C5113407}.Debug|Any CPU.ActiveCfg = Debug|Any CPU
		{D7A8B39D-5ECF-48FB-9EC3-6020C5113407}.Debug|Any CPU.Build.0 = Debug|Any CPU
		{D7A8B39D-5ECF-48FB-9EC3-6020C5113407}.Release|Any CPU.ActiveCfg = Release|Any CPU
		{D7A8B39D-5ECF-48FB-9EC3-6020C5113407}.Release|Any CPU.Build.0 = Release|Any CPU
	EndGlobalSection
	GlobalSection(SolutionProperties) = preSolution
		HideSolutionNode = FALSE
	EndGlobalSection
	GlobalSection(ExtensibilityGlobals) = postSolution
		SolutionGuid = {CBB8E11D-1A42-4E67-92B0-C661B852B903}
	EndGlobalSection
EndGlobal
